
Microsoft Visual Studio Solution File, Format Version 12.00
# Visual Studio Version 17
VisualStudioVersion = 17.3.32929.385
MinimumVisualStudioVersion = 10.0.40219.1
Project("{FAE04EC0-301F-11D3-BF4B-00C04F79EFBC}") = "Break Vs Continue", "Break Vs Continue\Break Vs Continue.csproj", "{32D233DE-8901-486B-92D4-22BB5645C65A}"
EndProject
Global
	GlobalSection(SolutionConfigurationPlatforms) = preSolution
		Debug|Any CPU = Debug|Any CPU
		Release|Any CPU = Release|Any CPU
	EndGlobalSection
	GlobalSection(ProjectConfigurationPlatforms) = postSolution
		{32D233DE-8901-486B-92D4-22BB5645C65A}.Debug|Any CPU.ActiveCfg = Debug|Any CPU
		{32D233DE-8901-486B-92D4-22BB5645C65A}.Debug|Any CPU.Build.0 = Debug|Any CPU
		{32D233DE-8901-486B-92D4-22BB5645C65A}.Release|Any CPU.ActiveCfg = Release|Any CPU
		{32D233DE-8901-486B-92D4-22BB5645C65A}.Release|Any CPU.Build.0 = Release|Any CPU
	EndGlobalSection
	GlobalSection(SolutionProperties) = preSolution
		HideSolutionNode = FALSE
	EndGlobalSection
	GlobalSection(ExtensibilityGlobals) = postSolution
		SolutionGuid = {B6E44773-4E4E-4FA3-9E06-DDC1A3266B6A}
	EndGlobalSection
EndGlobal
