
Microsoft Visual Studio Solution File, Format Version 12.00
# Visual Studio Version 17
VisualStudioVersion = 17.3.32929.385
MinimumVisualStudioVersion = 10.0.40219.1
Project("{FAE04EC0-301F-11D3-BF4B-00C04F79EFBC}") = "ConsoleApp1", "ConsoleApp1\ConsoleApp1.csproj", "{0EAD3DD0-CE75-4B20-ACF8-783F8236BC1A}"
EndProject
Global
	GlobalSection(SolutionConfigurationPlatforms) = preSolution
		Debug|Any CPU = Debug|Any CPU
		Release|Any CPU = Release|Any CPU
	EndGlobalSection
	GlobalSection(ProjectConfigurationPlatforms) = postSolution
		{0EAD3DD0-CE75-4B20-ACF8-783F8236BC1A}.Debug|Any CPU.ActiveCfg = Debug|Any CPU
		{0EAD3DD0-CE75-4B20-ACF8-783F8236BC1A}.Debug|Any CPU.Build.0 = Debug|Any CPU
		{0EAD3DD0-CE75-4B20-ACF8-783F8236BC1A}.Release|Any CPU.ActiveCfg = Release|Any CPU
		{0EAD3DD0-CE75-4B20-ACF8-783F8236BC1A}.Release|Any CPU.Build.0 = Release|Any CPU
	EndGlobalSection
	GlobalSection(SolutionProperties) = preSolution
		HideSolutionNode = FALSE
	EndGlobalSection
	GlobalSection(ExtensibilityGlobals) = postSolution
		SolutionGuid = {C1B5103F-49E4-409E-BEA7-76CAF2373D79}
	EndGlobalSection
EndGlobal
